
Microsoft Visual Studio Solution File, Format Version 12.00
# Visual Studio 2012
Project("{FAE04EC0-301F-11D3-BF4B-00C04F79EFBC}") = "ServerLoccioniAsyn", "ServerLoccioniAsyn\ServerLoccioniAsyn.csproj", "{0666BBE7-1BFD-4C65-A381-CFFBE5F7B15B}"
EndProject
Global
	GlobalSection(SolutionConfigurationPlatforms) = preSolution
		Debug|Any CPU = Debug|Any CPU
		Release|Any CPU = Release|Any CPU
	EndGlobalSection
	GlobalSection(ProjectConfigurationPlatforms) = postSolution
		{0666BBE7-1BFD-4C65-A381-CFFBE5F7B15B}.Debug|Any CPU.ActiveCfg = Debug|Any CPU
		{0666BBE7-1BFD-4C65-A381-CFFBE5F7B15B}.Debug|Any CPU.Build.0 = Debug|Any CPU
		{0666BBE7-1BFD-4C65-A381-CFFBE5F7B15B}.Release|Any CPU.ActiveCfg = Release|Any CPU
		{0666BBE7-1BFD-4C65-A381-CFFBE5F7B15B}.Release|Any CPU.Build.0 = Release|Any CPU
	EndGlobalSection
	GlobalSection(SolutionProperties) = preSolution
		HideSolutionNode = FALSE
	EndGlobalSection
EndGlobal
